// !$*UTF8*$!
{
	archiveVersion = 1;
	classes = {
	};
	objectVersion = 56;
	objects = {

/* Begin PBXBuildFile section */
		8CF489D32B61AC5A00A28143 /* KinkDiscoveryApp.swift in Sources */ = {isa = PBXBuildFile; fileRef = 8CF489D22B61AC5A00A28143 /* KinkDiscoveryApp.swift */; };
		8CF489D52B61AC5A00A28143 /* ContentView.swift in Sources */ = {isa = PBXBuildFile; fileRef = 8CF489D42B61AC5A00A28143 /* ContentView.swift */; };
		8CF489D72B61AC5C00A28143 /* Assets.xcassets in Resources */ = {isa = PBXBuildFile; fileRef = 8CF489D62B61AC5C00A28143 /* Assets.xcassets */; };
		8CF489DB2B61AC5C00A28143 /* Preview Assets.xcassets in Resources */ = {isa = PBXBuildFile; fileRef = 8CF489DA2B61AC5C00A28143 /* Preview Assets.xcassets */; };
		8CF489E52B61AC5C00A28143 /* KinkDiscoveryTests.swift in Sources */ = {isa = PBXBuildFile; fileRef = 8CF489E42B61AC5C00A28143 /* KinkDiscoveryTests.swift */; };
		8CF489EF2B61AC5C00A28143 /* KinkDiscoveryUITests.swift in Sources */ = {isa = PBXBuildFile; fileRef = 8CF489EE2B61AC5C00A28143 /* KinkDiscoveryUITests.swift */; };
		8CF489F12B61AC5C00A28143 /* KinkDiscoveryUITestsLaunchTests.swift in Sources */ = {isa = PBXBuildFile; fileRef = 8CF489F02B61AC5C00A28143 /* KinkDiscoveryUITestsLaunchTests.swift */; };
/* End PBXBuildFile section */

/* Begin PBXContainerItemProxy section */
		8CF489E12B61AC5C00A28143 /* PBXContainerItemProxy */ = {
			isa = PBXContainerItemProxy;
			containerPortal = 8CF489C72B61AC5A00A28143 /* Project object */;
			proxyType = 1;
			remoteGlobalIDString = 8CF489CE2B61AC5A00A28143;
			remoteInfo = KinkDiscovery;
		};
		8CF489EB2B61AC5C00A28143 /* PBXContainerItemProxy */ = {
			isa = PBXContainerItemProxy;
			containerPortal = 8CF489C72B61AC5A00A28143 /* Project object */;
			proxyType = 1;
			remoteGlobalIDString = 8CF489CE2B61AC5A00A28143;
			remoteInfo = KinkDiscovery;
		};
/* End PBXContainerItemProxy section */

/* Begin PBXFileReference section */
		8CF489CF2B61AC5A00A28143 /* KinkDiscovery.app */ = {isa = PBXFileReference; explicitFileType = wrapper.application; includeInIndex = 0; path = KinkDiscovery.app; sourceTree = BUILT_PRODUCTS_DIR; };
		8CF489D22B61AC5A00A28143 /* KinkDiscoveryApp.swift */ = {isa = PBXFileReference; lastKnownFileType = sourcecode.swift; path = KinkDiscoveryApp.swift; sourceTree = "<group>"; };
		8CF489D42B61AC5A00A28143 /* ContentView.swift */ = {isa = PBXFileReference; lastKnownFileType = sourcecode.swift; path = ContentView.swift; sourceTree = "<group>"; };
		8CF489D62B61AC5C00A28143 /* Assets.xcassets */ = {isa = PBXFileReference; lastKnownFileType = folder.assetcatalog; path = Assets.xcassets; sourceTree = "<group>"; };
		8CF489D82B61AC5C00A28143 /* KinkDiscovery.entitlements */ = {isa = PBXFileReference; lastKnownFileType = text.plist.entitlements; path = KinkDiscovery.entitlements; sourceTree = "<group>"; };
		8CF489DA2B61AC5C00A28143 /* Preview Assets.xcassets */ = {isa = PBXFileReference; lastKnownFileType = folder.assetcatalog; path = "Preview Assets.xcassets"; sourceTree = "<group>"; };
		8CF489E02B61AC5C00A28143 /* KinkDiscoveryTests.xctest */ = {isa = PBXFileReference; explicitFileType = wrapper.cfbundle; includeInIndex = 0; path = KinkDiscoveryTests.xctest; sourceTree = BUILT_PRODUCTS_DIR; };
		8CF489E42B61AC5C00A28143 /* KinkDiscoveryTests.swift */ = {isa = PBXFileReference; lastKnownFileType = sourcecode.swift; path = KinkDiscoveryTests.swift; sourceTree = "<group>"; };
		8CF489EA2B61AC5C00A28143 /* KinkDiscoveryUITests.xctest */ = {isa = PBXFileReference; explicitFileType = wrapper.cfbundle; includeInIndex = 0; path = KinkDiscoveryUITests.xctest; sourceTree = BUILT_PRODUCTS_DIR; };
		8CF489EE2B61AC5C00A28143 /* KinkDiscoveryUITests.swift */ = {isa = PBXFileReference; lastKnownFileType = sourcecode.swift; path = KinkDiscoveryUITests.swift; sourceTree = "<group>"; };
		8CF489F02B61AC5C00A28143 /* KinkDiscoveryUITestsLaunchTests.swift */ = {isa = PBXFileReference; lastKnownFileType = sourcecode.swift; path = KinkDiscoveryUITestsLaunchTests.swift; sourceTree = "<group>"; };
/* End PBXFileReference section */

/* Begin PBXFrameworksBuildPhase section */
		8CF489CC2B61AC5A00A28143 /* Frameworks */ = {
			isa = PBXFrameworksBuildPhase;
			buildActionMask = 2147483647;
			files = (
			);
			runOnlyForDeploymentPostprocessing = 0;
		};
		8CF489DD2B61AC5C00A28143 /* Frameworks */ = {
			isa = PBXFrameworksBuildPhase;
			buildActionMask = 2147483647;
			files = (
			);
			runOnlyForDeploymentPostprocessing = 0;
		};
		8CF489E72B61AC5C00A28143 /* Frameworks */ = {
			isa = PBXFrameworksBuildPhase;
			buildActionMask = 2147483647;
			files = (
			);
			runOnlyForDeploymentPostprocessing = 0;
		};
/* End PBXFrameworksBuildPhase section */

/* Begin PBXGroup section */
		8CF489C62B61AC5A00A28143 = {
			isa = PBXGroup;
			children = (
				8CF489D12B61AC5A00A28143 /* KinkDiscovery */,
				8CF489E32B61AC5C00A28143 /* KinkDiscoveryTests */,
				8CF489ED2B61AC5C00A28143 /* KinkDiscoveryUITests */,
				8CF489D02B61AC5A00A28143 /* Products */,
			);
			sourceTree = "<group>";
		};
		8CF489D02B61AC5A00A28143 /* Products */ = {
			isa = PBXGroup;
			children = (
				8CF489CF2B61AC5A00A28143 /* KinkDiscovery.app */,
				8CF489E02B61AC5C00A28143 /* KinkDiscoveryTests.xctest */,
				8CF489EA2B61AC5C00A28143 /* KinkDiscoveryUITests.xctest */,
			);
			name = Products;
			sourceTree = "<group>";
		};
		8CF489D12B61AC5A00A28143 /* KinkDiscovery */ = {
			isa = PBXGroup;
			children = (
				8CF489FF2B61AD0E00A28143 /* Config */,
				8CF489FE2B61ACF600A28143 /* Resources */,
				8CF489FD2B61ACE700A28143 /* Sources */,
				8CF489D92B61AC5C00A28143 /* Preview Content */,
			);
			path = KinkDiscovery;
			sourceTree = "<group>";
		};
		8CF489D92B61AC5C00A28143 /* Preview Content */ = {
			isa = PBXGroup;
			children = (
				8CF489DA2B61AC5C00A28143 /* Preview Assets.xcassets */,
			);
			path = "Preview Content";
			sourceTree = "<group>";
		};
		8CF489E32B61AC5C00A28143 /* KinkDiscoveryTests */ = {
			isa = PBXGroup;
			children = (
				8CF489E42B61AC5C00A28143 /* KinkDiscoveryTests.swift */,
			);
			path = KinkDiscoveryTests;
			sourceTree = "<group>";
		};
		8CF489ED2B61AC5C00A28143 /* KinkDiscoveryUITests */ = {
			isa = PBXGroup;
			children = (
				8CF489EE2B61AC5C00A28143 /* KinkDiscoveryUITests.swift */,
				8CF489F02B61AC5C00A28143 /* KinkDiscoveryUITestsLaunchTests.swift */,
			);
			path = KinkDiscoveryUITests;
			sourceTree = "<group>";
		};
		8CF489FD2B61ACE700A28143 /* Sources */ = {
			isa = PBXGroup;
			children = (
				8CF489D42B61AC5A00A28143 /* ContentView.swift */,
				8CF489D22B61AC5A00A28143 /* KinkDiscoveryApp.swift */,
			);
			path = Sources;
			sourceTree = "<group>";
		};
		8CF489FE2B61ACF600A28143 /* Resources */ = {
			isa = PBXGroup;
			children = (
				8CF489D62B61AC5C00A28143 /* Assets.xcassets */,
			);
			path = Resources;
			sourceTree = "<group>";
		};
		8CF489FF2B61AD0E00A28143 /* Config */ = {
			isa = PBXGroup;
			children = (
				8CF489D82B61AC5C00A28143 /* KinkDiscovery.entitlements */,
			);
			path = Config;
			sourceTree = "<group>";
		};
/* End PBXGroup section */

/* Begin PBXNativeTarget section */
		8CF489CE2B61AC5A00A28143 /* KinkDiscovery */ = {
			isa = PBXNativeTarget;
			buildConfigurationList = 8CF489F42B61AC5C00A28143 /* Build configuration list for PBXNativeTarget "KinkDiscovery" */;
			buildPhases = (
				8CF489CB2B61AC5A00A28143 /* Sources */,
				8CF489CC2B61AC5A00A28143 /* Frameworks */,
				8CF489CD2B61AC5A00A28143 /* Resources */,
			);
			buildRules = (
			);
			dependencies = (
			);
			name = KinkDiscovery;
			productName = KinkDiscovery;
			productReference = 8CF489CF2B61AC5A00A28143 /* KinkDiscovery.app */;
			productType = "com.apple.product-type.application";
		};
		8CF489DF2B61AC5C00A28143 /* KinkDiscoveryTests */ = {
			isa = PBXNativeTarget;
			buildConfigurationList = 8CF489F72B61AC5C00A28143 /* Build configuration list for PBXNativeTarget "KinkDiscoveryTests" */;
			buildPhases = (
				8CF489DC2B61AC5C00A28143 /* Sources */,
				8CF489DD2B61AC5C00A28143 /* Frameworks */,
				8CF489DE2B61AC5C00A28143 /* Resources */,
			);
			buildRules = (
			);
			dependencies = (
				8CF489E22B61AC5C00A28143 /* PBXTargetDependency */,
			);
			name = KinkDiscoveryTests;
			productName = KinkDiscoveryTests;
			productReference = 8CF489E02B61AC5C00A28143 /* KinkDiscoveryTests.xctest */;
			productType = "com.apple.product-type.bundle.unit-test";
		};
		8CF489E92B61AC5C00A28143 /* KinkDiscoveryUITests */ = {
			isa = PBXNativeTarget;
			buildConfigurationList = 8CF489FA2B61AC5C00A28143 /* Build configuration list for PBXNativeTarget "KinkDiscoveryUITests" */;
			buildPhases = (
				8CF489E62B61AC5C00A28143 /* Sources */,
				8CF489E72B61AC5C00A28143 /* Frameworks */,
				8CF489E82B61AC5C00A28143 /* Resources */,
			);
			buildRules = (
			);
			dependencies = (
				8CF489EC2B61AC5C00A28143 /* PBXTargetDependency */,
			);
			name = KinkDiscoveryUITests;
			productName = KinkDiscoveryUITests;
			productReference = 8CF489EA2B61AC5C00A28143 /* KinkDiscoveryUITests.xctest */;
			productType = "com.apple.product-type.bundle.ui-testing";
		};
/* End PBXNativeTarget section */

/* Begin PBXProject section */
		8CF489C72B61AC5A00A28143 /* Project object */ = {
			isa = PBXProject;
			attributes = {
				BuildIndependentTargetsInParallel = 1;
				LastSwiftUpdateCheck = 1520;
				LastUpgradeCheck = 1520;
				TargetAttributes = {
					8CF489CE2B61AC5A00A28143 = {
						CreatedOnToolsVersion = 15.2;
					};
					8CF489DF2B61AC5C00A28143 = {
						CreatedOnToolsVersion = 15.2;
						TestTargetID = 8CF489CE2B61AC5A00A28143;
					};
					8CF489E92B61AC5C00A28143 = {
						CreatedOnToolsVersion = 15.2;
						TestTargetID = 8CF489CE2B61AC5A00A28143;
					};
				};
			};
			buildConfigurationList = 8CF489CA2B61AC5A00A28143 /* Build configuration list for PBXProject "KinkDiscovery" */;
			compatibilityVersion = "Xcode 14.0";
			developmentRegion = en;
			hasScannedForEncodings = 0;
			knownRegions = (
				en,
				Base,
			);
			mainGroup = 8CF489C62B61AC5A00A28143;
			productRefGroup = 8CF489D02B61AC5A00A28143 /* Products */;
			projectDirPath = "";
			projectRoot = "";
			targets = (
				8CF489CE2B61AC5A00A28143 /* KinkDiscovery */,
				8CF489DF2B61AC5C00A28143 /* KinkDiscoveryTests */,
				8CF489E92B61AC5C00A28143 /* KinkDiscoveryUITests */,
			);
		};
/* End PBXProject section */

/* Begin PBXResourcesBuildPhase section */
		8CF489CD2B61AC5A00A28143 /* Resources */ = {
			isa = PBXResourcesBuildPhase;
			buildActionMask = 2147483647;
			files = (
				8CF489DB2B61AC5C00A28143 /* Preview Assets.xcassets in Resources */,
				8CF489D72B61AC5C00A28143 /* Assets.xcassets in Resources */,
			);
			runOnlyForDeploymentPostprocessing = 0;
		};
		8CF489DE2B61AC5C00A28143 /* Resources */ = {
			isa = PBXResourcesBuildPhase;
			buildActionMask = 2147483647;
			files = (
			);
			runOnlyForDeploymentPostprocessing = 0;
		};
		8CF489E82B61AC5C00A28143 /* Resources */ = {
			isa = PBXResourcesBuildPhase;
			buildActionMask = 2147483647;
			files = (
			);
			runOnlyForDeploymentPostprocessing = 0;
		};
/* End PBXResourcesBuildPhase section */

/* Begin PBXSourcesBuildPhase section */
		8CF489CB2B61AC5A00A28143 /* Sources */ = {
			isa = PBXSourcesBuildPhase;
			buildActionMask = 2147483647;
			files = (
				8CF489D52B61AC5A00A28143 /* ContentView.swift in Sources */,
				8CF489D32B61AC5A00A28143 /* KinkDiscoveryApp.swift in Sources */,
			);
			runOnlyForDeploymentPostprocessing = 0;
		};
		8CF489DC2B61AC5C00A28143 /* Sources */ = {
			isa = PBXSourcesBuildPhase;
			buildActionMask = 2147483647;
			files = (
				8CF489E52B61AC5C00A28143 /* KinkDiscoveryTests.swift in Sources */,
			);
			runOnlyForDeploymentPostprocessing = 0;
		};
		8CF489E62B61AC5C00A28143 /* Sources */ = {
			isa = PBXSourcesBuildPhase;
			buildActionMask = 2147483647;
			files = (
				8CF489F12B61AC5C00A28143 /* KinkDiscoveryUITestsLaunchTests.swift in Sources */,
				8CF489EF2B61AC5C00A28143 /* KinkDiscoveryUITests.swift in Sources */,
			);
			runOnlyForDeploymentPostprocessing = 0;
		};
/* End PBXSourcesBuildPhase section */

/* Begin PBXTargetDependency section */
		8CF489E22B61AC5C00A28143 /* PBXTargetDependency */ = {
			isa = PBXTargetDependency;
			target = 8CF489CE2B61AC5A00A28143 /* KinkDiscovery */;
			targetProxy = 8CF489E12B61AC5C00A28143 /* PBXContainerItemProxy */;
		};
		8CF489EC2B61AC5C00A28143 /* PBXTargetDependency */ = {
			isa = PBXTargetDependency;
			target = 8CF489CE2B61AC5A00A28143 /* KinkDiscovery */;
			targetProxy = 8CF489EB2B61AC5C00A28143 /* PBXContainerItemProxy */;
		};
/* End PBXTargetDependency section */

/* Begin XCBuildConfiguration section */
		8CF489F22B61AC5C00A28143 /* Debug */ = {
			isa = XCBuildConfiguration;
			buildSettings = {
				ALWAYS_SEARCH_USER_PATHS = NO;
				ASSETCATALOG_COMPILER_GENERATE_SWIFT_ASSET_SYMBOL_EXTENSIONS = YES;
				CLANG_ANALYZER_NONNULL = YES;
				CLANG_ANALYZER_NUMBER_OBJECT_CONVERSION = YES_AGGRESSIVE;
				CLANG_CXX_LANGUAGE_STANDARD = "gnu++20";
				CLANG_ENABLE_MODULES = YES;
				CLANG_ENABLE_OBJC_ARC = YES;
				CLANG_ENABLE_OBJC_WEAK = YES;
				CLANG_WARN_BLOCK_CAPTURE_AUTORELEASING = YES;
				CLANG_WARN_BOOL_CONVERSION = YES;
				CLANG_WARN_COMMA = YES;
				CLANG_WARN_CONSTANT_CONVERSION = YES;
				CLANG_WARN_DEPRECATED_OBJC_IMPLEMENTATIONS = YES;
				CLANG_WARN_DIRECT_OBJC_ISA_USAGE = YES_ERROR;
				CLANG_WARN_DOCUMENTATION_COMMENTS = YES;
				CLANG_WARN_EMPTY_BODY = YES;
				CLANG_WARN_ENUM_CONVERSION = YES;
				CLANG_WARN_INFINITE_RECURSION = YES;
				CLANG_WARN_INT_CONVERSION = YES;
				CLANG_WARN_NON_LITERAL_NULL_CONVERSION = YES;
				CLANG_WARN_OBJC_IMPLICIT_RETAIN_SELF = YES;
				CLANG_WARN_OBJC_LITERAL_CONVERSION = YES;
				CLANG_WARN_OBJC_ROOT_CLASS = YES_ERROR;
				CLANG_WARN_QUOTED_INCLUDE_IN_FRAMEWORK_HEADER = YES;
				CLANG_WARN_RANGE_LOOP_ANALYSIS = YES;
				CLANG_WARN_STRICT_PROTOTYPES = YES;
				CLANG_WARN_SUSPICIOUS_MOVE = YES;
				CLANG_WARN_UNGUARDED_AVAILABILITY = YES_AGGRESSIVE;
				CLANG_WARN_UNREACHABLE_CODE = YES;
				CLANG_WARN__DUPLICATE_METHOD_MATCH = YES;
				COPY_PHASE_STRIP = NO;
				DEBUG_INFORMATION_FORMAT = dwarf;
				ENABLE_STRICT_OBJC_MSGSEND = YES;
				ENABLE_TESTABILITY = YES;
				ENABLE_USER_SCRIPT_SANDBOXING = YES;
				GCC_C_LANGUAGE_STANDARD = gnu17;
				GCC_DYNAMIC_NO_PIC = NO;
				GCC_NO_COMMON_BLOCKS = YES;
				GCC_OPTIMIZATION_LEVEL = 0;
				GCC_PREPROCESSOR_DEFINITIONS = (
					"DEBUG=1",
					"$(inherited)",
				);
				GCC_WARN_64_TO_32_BIT_CONVERSION = YES;
				GCC_WARN_ABOUT_RETURN_TYPE = YES_ERROR;
				GCC_WARN_UNDECLARED_SELECTOR = YES;
				GCC_WARN_UNINITIALIZED_AUTOS = YES_AGGRESSIVE;
				GCC_WARN_UNUSED_FUNCTION = YES;
				GCC_WARN_UNUSED_VARIABLE = YES;
				LOCALIZATION_PREFERS_STRING_CATALOGS = YES;
				MTL_ENABLE_DEBUG_INFO = INCLUDE_SOURCE;
				MTL_FAST_MATH = YES;
				ONLY_ACTIVE_ARCH = YES;
				SWIFT_ACTIVE_COMPILATION_CONDITIONS = "DEBUG $(inherited)";
				SWIFT_OPTIMIZATION_LEVEL = "-Onone";
			};
			name = Debug;
		};
		8CF489F32B61AC5C00A28143 /* Release */ = {
			isa = XCBuildConfiguration;
			buildSettings = {
				ALWAYS_SEARCH_USER_PATHS = NO;
				ASSETCATALOG_COMPILER_GENERATE_SWIFT_ASSET_SYMBOL_EXTENSIONS = YES;
				CLANG_ANALYZER_NONNULL = YES;
				CLANG_ANALYZER_NUMBER_OBJECT_CONVERSION = YES_AGGRESSIVE;
				CLANG_CXX_LANGUAGE_STANDARD = "gnu++20";
				CLANG_ENABLE_MODULES = YES;
				CLANG_ENABLE_OBJC_ARC = YES;
				CLANG_ENABLE_OBJC_WEAK = YES;
				CLANG_WARN_BLOCK_CAPTURE_AUTORELEASING = YES;
				CLANG_WARN_BOOL_CONVERSION = YES;
				CLANG_WARN_COMMA = YES;
				CLANG_WARN_CONSTANT_CONVERSION = YES;
				CLANG_WARN_DEPRECATED_OBJC_IMPLEMENTATIONS = YES;
				CLANG_WARN_DIRECT_OBJC_ISA_USAGE = YES_ERROR;
				CLANG_WARN_DOCUMENTATION_COMMENTS = YES;
				CLANG_WARN_EMPTY_BODY = YES;
				CLANG_WARN_ENUM_CONVERSION = YES;
				CLANG_WARN_INFINITE_RECURSION = YES;
				CLANG_WARN_INT_CONVERSION = YES;
				CLANG_WARN_NON_LITERAL_NULL_CONVERSION = YES;
				CLANG_WARN_OBJC_IMPLICIT_RETAIN_SELF = YES;
				CLANG_WARN_OBJC_LITERAL_CONVERSION = YES;
				CLANG_WARN_OBJC_ROOT_CLASS = YES_ERROR;
				CLANG_WARN_QUOTED_INCLUDE_IN_FRAMEWORK_HEADER = YES;
				CLANG_WARN_RANGE_LOOP_ANALYSIS = YES;
				CLANG_WARN_STRICT_PROTOTYPES = YES;
				CLANG_WARN_SUSPICIOUS_MOVE = YES;
				CLANG_WARN_UNGUARDED_AVAILABILITY = YES_AGGRESSIVE;
				CLANG_WARN_UNREACHABLE_CODE = YES;
				CLANG_WARN__DUPLICATE_METHOD_MATCH = YES;
				COPY_PHASE_STRIP = NO;
				DEBUG_INFORMATION_FORMAT = "dwarf-with-dsym";
				ENABLE_NS_ASSERTIONS = NO;
				ENABLE_STRICT_OBJC_MSGSEND = YES;
				ENABLE_USER_SCRIPT_SANDBOXING = YES;
				GCC_C_LANGUAGE_STANDARD = gnu17;
				GCC_NO_COMMON_BLOCKS = YES;
				GCC_WARN_64_TO_32_BIT_CONVERSION = YES;
				GCC_WARN_ABOUT_RETURN_TYPE = YES_ERROR;
				GCC_WARN_UNDECLARED_SELECTOR = YES;
				GCC_WARN_UNINITIALIZED_AUTOS = YES_AGGRESSIVE;
				GCC_WARN_UNUSED_FUNCTION = YES;
				GCC_WARN_UNUSED_VARIABLE = YES;
				LOCALIZATION_PREFERS_STRING_CATALOGS = YES;
				MTL_ENABLE_DEBUG_INFO = NO;
				MTL_FAST_MATH = YES;
				SWIFT_COMPILATION_MODE = wholemodule;
			};
			name = Release;
		};
		8CF489F52B61AC5C00A28143 /* Debug */ = {
			isa = XCBuildConfiguration;
			buildSettings = {
				ASSETCATALOG_COMPILER_APPICON_NAME = AppIcon;
				ASSETCATALOG_COMPILER_GLOBAL_ACCENT_COLOR_NAME = AccentColor;
				CODE_SIGN_ENTITLEMENTS = KinkDiscovery/Config/KinkDiscovery.entitlements;
				CODE_SIGN_STYLE = Automatic;
				CURRENT_PROJECT_VERSION = 1;
				DEVELOPMENT_ASSET_PATHS = "\"KinkDiscovery/Preview Content\"";
				DEVELOPMENT_TEAM = AGGG7W5JL7;
				ENABLE_HARDENED_RUNTIME = YES;
				ENABLE_PREVIEWS = YES;
				GENERATE_INFOPLIST_FILE = YES;
				"INFOPLIST_KEY_UIApplicationSceneManifest_Generation[sdk=iphoneos*]" = YES;
				"INFOPLIST_KEY_UIApplicationSceneManifest_Generation[sdk=iphonesimulator*]" = YES;
				"INFOPLIST_KEY_UIApplicationSupportsIndirectInputEvents[sdk=iphoneos*]" = YES;
				"INFOPLIST_KEY_UIApplicationSupportsIndirectInputEvents[sdk=iphonesimulator*]" = YES;
				"INFOPLIST_KEY_UILaunchScreen_Generation[sdk=iphoneos*]" = YES;
				"INFOPLIST_KEY_UILaunchScreen_Generation[sdk=iphonesimulator*]" = YES;
				"INFOPLIST_KEY_UIStatusBarStyle[sdk=iphoneos*]" = UIStatusBarStyleDefault;
				"INFOPLIST_KEY_UIStatusBarStyle[sdk=iphonesimulator*]" = UIStatusBarStyleDefault;
				INFOPLIST_KEY_UISupportedInterfaceOrientations_iPad = "UIInterfaceOrientationPortrait UIInterfaceOrientationPortraitUpsideDown UIInterfaceOrientationLandscapeLeft UIInterfaceOrientationLandscapeRight";
				INFOPLIST_KEY_UISupportedInterfaceOrientations_iPhone = "UIInterfaceOrientationPortrait UIInterfaceOrientationLandscapeLeft UIInterfaceOrientationLandscapeRight";
				IPHONEOS_DEPLOYMENT_TARGET = 17.2;
				LD_RUNPATH_SEARCH_PATHS = "@executable_path/Frameworks";
				"LD_RUNPATH_SEARCH_PATHS[sdk=macosx*]" = "@executable_path/../Frameworks";
				MACOSX_DEPLOYMENT_TARGET = 14.2;
				MARKETING_VERSION = 1.0;
				PRODUCT_BUNDLE_IDENTIFIER = com.gifgroen.KinkDiscovery;
				PRODUCT_NAME = "$(TARGET_NAME)";
				SDKROOT = auto;
				SUPPORTED_PLATFORMS = "iphoneos iphonesimulator macosx";
				SWIFT_EMIT_LOC_STRINGS = YES;
				SWIFT_VERSION = 5.0;
				TARGETED_DEVICE_FAMILY = "1,2";
			};
			name = Debug;
		};
		8CF489F62B61AC5C00A28143 /* Release */ = {
			isa = XCBuildConfiguration;
			buildSettings = {
				ASSETCATALOG_COMPILER_APPICON_NAME = AppIcon;
				ASSETCATALOG_COMPILER_GLOBAL_ACCENT_COLOR_NAME = AccentColor;
				CODE_SIGN_ENTITLEMENTS = KinkDiscovery/Config/KinkDiscovery.entitlements;
				CODE_SIGN_STYLE = Automatic;
				CURRENT_PROJECT_VERSION = 1;
				DEVELOPMENT_ASSET_PATHS = "\"KinkDiscovery/Preview Content\"";
				DEVELOPMENT_TEAM = AGGG7W5JL7;
				ENABLE_HARDENED_RUNTIME = YES;
				ENABLE_PREVIEWS = YES;
				GENERATE_INFOPLIST_FILE = YES;
				"INFOPLIST_KEY_UIApplicationSceneManifest_Generation[sdk=iphoneos*]" = YES;
				"INFOPLIST_KEY_UIApplicationSceneManifest_Generation[sdk=iphonesimulator*]" = YES;
				"INFOPLIST_KEY_UIApplicationSupportsIndirectInputEvents[sdk=iphoneos*]" = YES;
				"INFOPLIST_KEY_UIApplicationSupportsIndirectInputEvents[sdk=iphonesimulator*]" = YES;
				"INFOPLIST_KEY_UILaunchScreen_Generation[sdk=iphoneos*]" = YES;
				"INFOPLIST_KEY_UILaunchScreen_Generation[sdk=iphonesimulator*]" = YES;
				"INFOPLIST_KEY_UIStatusBarStyle[sdk=iphoneos*]" = UIStatusBarStyleDefault;
				"INFOPLIST_KEY_UIStatusBarStyle[sdk=iphonesimulator*]" = UIStatusBarStyleDefault;
				INFOPLIST_KEY_UISupportedInterfaceOrientations_iPad = "UIInterfaceOrientationPortrait UIInterfaceOrientationPortraitUpsideDown UIInterfaceOrientationLandscapeLeft UIInterfaceOrientationLandscapeRight";
				INFOPLIST_KEY_UISupportedInterfaceOrientations_iPhone = "UIInterfaceOrientationPortrait UIInterfaceOrientationLandscapeLeft UIInterfaceOrientationLandscapeRight";
				IPHONEOS_DEPLOYMENT_TARGET = 17.2;
				LD_RUNPATH_SEARCH_PATHS = "@executable_path/Frameworks";
				"LD_RUNPATH_SEARCH_PATHS[sdk=macosx*]" = "@executable_path/../Frameworks";
				MACOSX_DEPLOYMENT_TARGET = 14.2;
				MARKETING_VERSION = 1.0;
				PRODUCT_BUNDLE_IDENTIFIER = com.gifgroen.KinkDiscovery;
				PRODUCT_NAME = "$(TARGET_NAME)";
				SDKROOT = auto;
				SUPPORTED_PLATFORMS = "iphoneos iphonesimulator macosx";
				SWIFT_EMIT_LOC_STRINGS = YES;
				SWIFT_VERSION = 5.0;
				TARGETED_DEVICE_FAMILY = "1,2";
			};
			name = Release;
		};
		8CF489F82B61AC5C00A28143 /* Debug */ = {
			isa = XCBuildConfiguration;
			buildSettings = {
				ALWAYS_EMBED_SWIFT_STANDARD_LIBRARIES = YES;
				BUNDLE_LOADER = "$(TEST_HOST)";
				CODE_SIGN_STYLE = Automatic;
				CURRENT_PROJECT_VERSION = 1;
				DEVELOPMENT_TEAM = AGGG7W5JL7;
				GENERATE_INFOPLIST_FILE = YES;
				IPHONEOS_DEPLOYMENT_TARGET = 17.2;
				MACOSX_DEPLOYMENT_TARGET = 14.2;
				MARKETING_VERSION = 1.0;
				PRODUCT_BUNDLE_IDENTIFIER = com.gifgroen.KinkDiscoveryTests;
				PRODUCT_NAME = "$(TARGET_NAME)";
				SDKROOT = auto;
				SUPPORTED_PLATFORMS = "iphoneos iphonesimulator macosx";
				SWIFT_EMIT_LOC_STRINGS = NO;
				SWIFT_VERSION = 5.0;
				TARGETED_DEVICE_FAMILY = "1,2";
				TEST_HOST = "$(BUILT_PRODUCTS_DIR)/KinkDiscovery.app/$(BUNDLE_EXECUTABLE_FOLDER_PATH)/KinkDiscovery";
			};
			name = Debug;
		};
		8CF489F92B61AC5C00A28143 /* Release */ = {
			isa = XCBuildConfiguration;
			buildSettings = {
				ALWAYS_EMBED_SWIFT_STANDARD_LIBRARIES = YES;
				BUNDLE_LOADER = "$(TEST_HOST)";
				CODE_SIGN_STYLE = Automatic;
				CURRENT_PROJECT_VERSION = 1;
				DEVELOPMENT_TEAM = AGGG7W5JL7;
				GENERATE_INFOPLIST_FILE = YES;
				IPHONEOS_DEPLOYMENT_TARGET = 17.2;
				MACOSX_DEPLOYMENT_TARGET = 14.2;
				MARKETING_VERSION = 1.0;
				PRODUCT_BUNDLE_IDENTIFIER = com.gifgroen.KinkDiscoveryTests;
				PRODUCT_NAME = "$(TARGET_NAME)";
				SDKROOT = auto;
				SUPPORTED_PLATFORMS = "iphoneos iphonesimulator macosx";
				SWIFT_EMIT_LOC_STRINGS = NO;
				SWIFT_VERSION = 5.0;
				TARGETED_DEVICE_FAMILY = "1,2";
				TEST_HOST = "$(BUILT_PRODUCTS_DIR)/KinkDiscovery.app/$(BUNDLE_EXECUTABLE_FOLDER_PATH)/KinkDiscovery";
			};
			name = Release;
		};
		8CF489FB2B61AC5C00A28143 /* Debug */ = {
			isa = XCBuildConfiguration;
			buildSettings = {
				ALWAYS_EMBED_SWIFT_STANDARD_LIBRARIES = YES;
				CODE_SIGN_STYLE = Automatic;
				CURRENT_PROJECT_VERSION = 1;
				DEVELOPMENT_TEAM = AGGG7W5JL7;
				GENERATE_INFOPLIST_FILE = YES;
				IPHONEOS_DEPLOYMENT_TARGET = 17.2;
				MACOSX_DEPLOYMENT_TARGET = 14.2;
				MARKETING_VERSION = 1.0;
				PRODUCT_BUNDLE_IDENTIFIER = com.gifgroen.KinkDiscoveryUITests;
				PRODUCT_NAME = "$(TARGET_NAME)";
				SDKROOT = auto;
				SUPPORTED_PLATFORMS = "iphoneos iphonesimulator macosx";
				SWIFT_EMIT_LOC_STRINGS = NO;
				SWIFT_VERSION = 5.0;
				TARGETED_DEVICE_FAMILY = "1,2";
				TEST_TARGET_NAME = KinkDiscovery;
			};
			name = Debug;
		};
		8CF489FC2B61AC5C00A28143 /* Release */ = {
			isa = XCBuildConfiguration;
			buildSettings = {
				ALWAYS_EMBED_SWIFT_STANDARD_LIBRARIES = YES;
				CODE_SIGN_STYLE = Automatic;
				CURRENT_PROJECT_VERSION = 1;
				DEVELOPMENT_TEAM = AGGG7W5JL7;
				GENERATE_INFOPLIST_FILE = YES;
				IPHONEOS_DEPLOYMENT_TARGET = 17.2;
				MACOSX_DEPLOYMENT_TARGET = 14.2;
				MARKETING_VERSION = 1.0;
				PRODUCT_BUNDLE_IDENTIFIER = com.gifgroen.KinkDiscoveryUITests;
				PRODUCT_NAME = "$(TARGET_NAME)";
				SDKROOT = auto;
				SUPPORTED_PLATFORMS = "iphoneos iphonesimulator macosx";
				SWIFT_EMIT_LOC_STRINGS = NO;
				SWIFT_VERSION = 5.0;
				TARGETED_DEVICE_FAMILY = "1,2";
				TEST_TARGET_NAME = KinkDiscovery;
			};
			name = Release;
		};
/* End XCBuildConfiguration section */

/* Begin XCConfigurationList section */
		8CF489CA2B61AC5A00A28143 /* Build configuration list for PBXProject "KinkDiscovery" */ = {
			isa = XCConfigurationList;
			buildConfigurations = (
				8CF489F22B61AC5C00A28143 /* Debug */,
				8CF489F32B61AC5C00A28143 /* Release */,
			);
			defaultConfigurationIsVisible = 0;
			defaultConfigurationName = Release;
		};
		8CF489F42B61AC5C00A28143 /* Build configuration list for PBXNativeTarget "KinkDiscovery" */ = {
			isa = XCConfigurationList;
			buildConfigurations = (
				8CF489F52B61AC5C00A28143 /* Debug */,
				8CF489F62B61AC5C00A28143 /* Release */,
			);
			defaultConfigurationIsVisible = 0;
			defaultConfigurationName = Release;
		};
		8CF489F72B61AC5C00A28143 /* Build configuration list for PBXNativeTarget "KinkDiscoveryTests" */ = {
			isa = XCConfigurationList;
			buildConfigurations = (
				8CF489F82B61AC5C00A28143 /* Debug */,
				8CF489F92B61AC5C00A28143 /* Release */,
			);
			defaultConfigurationIsVisible = 0;
			defaultConfigurationName = Release;
		};
		8CF489FA2B61AC5C00A28143 /* Build configuration list for PBXNativeTarget "KinkDiscoveryUITests" */ = {
			isa = XCConfigurationList;
			buildConfigurations = (
				8CF489FB2B61AC5C00A28143 /* Debug */,
				8CF489FC2B61AC5C00A28143 /* Release */,
			);
			defaultConfigurationIsVisible = 0;
			defaultConfigurationName = Release;
		};
/* End XCConfigurationList section */
	};
	rootObject = 8CF489C72B61AC5A00A28143 /* Project object */;
}
